# This file is automatically @generated by Cargo.
# It is not intended for manual editing.
version = 4

[[package]]
name = "app"
version = "0.1.0"

[[package]]
name = "ba2"
version = "0.1.0"

[[package]]
name = "cli"
version = "0.1.0"

[[package]]
name = "esm"
version = "0.1.0"

[[package]]
name = "nif"
version = "0.1.0"
